// !$*UTF8*$!
{
	archiveVersion = 1;
	classes = {
	};
	objectVersion = 70;
	objects = {

/* Begin PBXBuildFile section */
		ACHV100 /* Achievement.swift in Sources */ = {isa = PBXBuildFile; fileRef = ACHV000 /* Achievement.swift */; };
		ACHV101 /* AchievementManager.swift in Sources */ = {isa = PBXBuildFile; fileRef = ACHV001 /* AchievementManager.swift */; };
		ACHV102 /* AchievementsView.swift in Sources */ = {isa = PBXBuildFile; fileRef = ACHV002 /* AchievementsView.swift */; };
		ACHV103 /* AchievementViews.swift in Sources */ = {isa = PBXBuildFile; fileRef = ACHV003 /* AchievementViews.swift */; };
		ACHV104 /* AchievementComponents.swift in Sources */ = {isa = PBXBuildFile; fileRef = ACHV004 /* AchievementComponents.swift */; };
		ACHV105 /* AchievementLocalization.swift in Sources */ = {isa = PBXBuildFile; fileRef = ACHV005 /* AchievementLocalization.swift */; };
		ASSET001 /* Assets.xcassets in Resources */ = {isa = PBXBuildFile; fileRef = ASSET000 /* Assets.xcassets */; };
		B508ABE22F0709BB0057D2CE /* MotivationalMessages.swift in Sources */ = {isa = PBXBuildFile; fileRef = B508ABE12F0709BB0057D2CE /* MotivationalMessages.swift */; };
		B508ABE42F0709DD0057D2CE /* HabitAnimations.swift in Sources */ = {isa = PBXBuildFile; fileRef = B508ABE32F0709DD0057D2CE /* HabitAnimations.swift */; };
		B508ABE62F070DD80057D2CE /* LanguageManager.swift in Sources */ = {isa = PBXBuildFile; fileRef = B508ABE52F070DD80057D2CE /* LanguageManager.swift */; };
		B5755C062F00A92C0088DCB0 /* ProChartsView.swift in Sources */ = {isa = PBXBuildFile; fileRef = B5755C052F00A92C0088DCB0 /* ProChartsView.swift */; };
		B5755C082F00A9710088DCB0 /* AnimatedComponents.swift in Sources */ = {isa = PBXBuildFile; fileRef = B5755C072F00A9710088DCB0 /* AnimatedComponents.swift */; };
		B5755C0A2F00A9A10088DCB0 /* NewFeatures.swift in Sources */ = {isa = PBXBuildFile; fileRef = B5755C092F00A9A10088DCB0 /* NewFeatures.swift */; };
		B5D37D1D2F09736100CB37A9 /* AppLogo.swift in Sources */ = {isa = PBXBuildFile; fileRef = B5D37D1C2F09736100CB37A9 /* AppLogo.swift */; };
		B5D37D212F0979DF00CB37A9 /* AppAnimatedBackground.swift in Sources */ = {isa = PBXBuildFile; fileRef = B5D37D202F0979DF00CB37A9 /* AppAnimatedBackground.swift */; };
		B5DBFF052F00867E005FE9AA /* SharedModelContainer.swift in Sources */ = {isa = PBXBuildFile; fileRef = B5DBFF042F00867E005FE9AA /* SharedModelContainer.swift */; };
		B5DBFF542F009852005FE9AA /* WidgetHelpers.swift in Sources */ = {isa = PBXBuildFile; fileRef = B5DBFF0C2F0086F6005FE9AA /* WidgetHelpers.swift */; };
		COMP001 /* GlassCard.swift in Sources */ = {isa = PBXBuildFile; fileRef = COMP000 /* GlassCard.swift */; };
		MAIN001 /* TrackHabitApp.swift in Sources */ = {isa = PBXBuildFile; fileRef = MAIN000 /* TrackHabitApp.swift */; };
		MODEL001 /* Habit.swift in Sources */ = {isa = PBXBuildFile; fileRef = MODEL000 /* Habit.swift */; };
		MODEL002 /* CheckIn.swift in Sources */ = {isa = PBXBuildFile; fileRef = MODEL003 /* CheckIn.swift */; };
		MODEL004 /* HabitTemplate.swift in Sources */ = {isa = PBXBuildFile; fileRef = MODEL005 /* HabitTemplate.swift */; };
		SERV001 /* NotificationManager.swift in Sources */ = {isa = PBXBuildFile; fileRef = SERV000 /* NotificationManager.swift */; };
		SERV002 /* StoreManager.swift in Sources */ = {isa = PBXBuildFile; fileRef = SERV003 /* StoreManager.swift */; };
		THEME001 /* AppTheme.swift in Sources */ = {isa = PBXBuildFile; fileRef = THEME000 /* AppTheme.swift */; };
		VIEW001 /* OnboardingView.swift in Sources */ = {isa = PBXBuildFile; fileRef = VIEW000 /* OnboardingView.swift */; };
		VIEW002 /* TodayView.swift in Sources */ = {isa = PBXBuildFile; fileRef = VIEW003 /* TodayView.swift */; };
		VIEW004 /* AddHabitView.swift in Sources */ = {isa = PBXBuildFile; fileRef = VIEW005 /* AddHabitView.swift */; };
		VIEW006 /* HabitDetailView.swift in Sources */ = {isa = PBXBuildFile; fileRef = VIEW007 /* HabitDetailView.swift */; };
		VIEW008 /* InsightsView.swift in Sources */ = {isa = PBXBuildFile; fileRef = VIEW009 /* InsightsView.swift */; };
		VIEW010 /* SettingsView.swift in Sources */ = {isa = PBXBuildFile; fileRef = VIEW011 /* SettingsView.swift */; };
		VIEW012 /* PaywallView.swift in Sources */ = {isa = PBXBuildFile; fileRef = VIEW013 /* PaywallView.swift */; };
		VIEW014 /* PaywallViewWithStore.swift in Sources */ = {isa = PBXBuildFile; fileRef = VIEW015 /* PaywallViewWithStore.swift */; };
		VIEW016 /* MainTabView.swift in Sources */ = {isa = PBXBuildFile; fileRef = VIEW017 /* MainTabView.swift */; };
/* End PBXBuildFile section */

/* Begin PBXCopyFilesBuildPhase section */
		B5DBFF412F00943C005FE9AA /* Embed Foundation Extensions */ = {
			isa = PBXCopyFilesBuildPhase;
			buildActionMask = 2147483647;
			dstPath = "";
			dstSubfolderSpec = 13;
			files = (
			);
			name = "Embed Foundation Extensions";
			runOnlyForDeploymentPostprocessing = 0;
		};
/* End PBXCopyFilesBuildPhase section */

/* Begin PBXFileReference section */
		ACHV000 /* Achievement.swift */ = {isa = PBXFileReference; lastKnownFileType = sourcecode.swift; path = Achievement.swift; sourceTree = "<group>"; };
		ACHV001 /* AchievementManager.swift */ = {isa = PBXFileReference; lastKnownFileType = sourcecode.swift; path = AchievementManager.swift; sourceTree = "<group>"; };
		ACHV002 /* AchievementsView.swift */ = {isa = PBXFileReference; lastKnownFileType = sourcecode.swift; path = AchievementsView.swift; sourceTree = "<group>"; };
		ACHV003 /* AchievementViews.swift */ = {isa = PBXFileReference; lastKnownFileType = sourcecode.swift; path = AchievementViews.swift; sourceTree = "<group>"; };
		ACHV004 /* AchievementComponents.swift */ = {isa = PBXFileReference; lastKnownFileType = sourcecode.swift; path = AchievementComponents.swift; sourceTree = "<group>"; };
		ACHV005 /* AchievementLocalization.swift */ = {isa = PBXFileReference; lastKnownFileType = sourcecode.swift; path = AchievementLocalization.swift; sourceTree = "<group>"; };
		ASSET000 /* Assets.xcassets */ = {isa = PBXFileReference; lastKnownFileType = folder.assetcatalog; path = Assets.xcassets; sourceTree = "<group>"; };
		B508ABE12F0709BB0057D2CE /* MotivationalMessages.swift */ = {isa = PBXFileReference; lastKnownFileType = sourcecode.swift; path = MotivationalMessages.swift; sourceTree = "<group>"; };
		B508ABE32F0709DD0057D2CE /* HabitAnimations.swift */ = {isa = PBXFileReference; lastKnownFileType = sourcecode.swift; path = HabitAnimations.swift; sourceTree = "<group>"; };
		B508ABE52F070DD80057D2CE /* LanguageManager.swift */ = {isa = PBXFileReference; lastKnownFileType = sourcecode.swift; path = LanguageManager.swift; sourceTree = "<group>"; };
		B5755C052F00A92C0088DCB0 /* ProChartsView.swift */ = {isa = PBXFileReference; lastKnownFileType = sourcecode.swift; path = ProChartsView.swift; sourceTree = "<group>"; };
		B5755C072F00A9710088DCB0 /* AnimatedComponents.swift */ = {isa = PBXFileReference; lastKnownFileType = sourcecode.swift; path = AnimatedComponents.swift; sourceTree = "<group>"; };
		B5755C092F00A9A10088DCB0 /* NewFeatures.swift */ = {isa = PBXFileReference; lastKnownFileType = sourcecode.swift; path = NewFeatures.swift; sourceTree = "<group>"; };
		B5AE8A552F1532BF00FABF90 /* group.trackhabitRelease.entitlements */ = {isa = PBXFileReference; lastKnownFileType = text.plist.entitlements; path = group.trackhabitRelease.entitlements; sourceTree = "<group>"; };
		B5D37D1C2F09736100CB37A9 /* AppLogo.swift */ = {isa = PBXFileReference; lastKnownFileType = sourcecode.swift; path = AppLogo.swift; sourceTree = "<group>"; };
		B5D37D202F0979DF00CB37A9 /* AppAnimatedBackground.swift */ = {isa = PBXFileReference; lastKnownFileType = sourcecode.swift; path = AppAnimatedBackground.swift; sourceTree = "<group>"; };
		B5DBFEFE2F008643005FE9AA /* HabitWidgetBundle.swift */ = {isa = PBXFileReference; lastKnownFileType = sourcecode.swift; path = HabitWidgetBundle.swift; sourceTree = "<group>"; };
		B5DBFF002F008651005FE9AA /* HabitWidgetProvider.swift */ = {isa = PBXFileReference; lastKnownFileType = sourcecode.swift; path = HabitWidgetProvider.swift; sourceTree = "<group>"; };
		B5DBFF022F008676005FE9AA /* HabitWidgets.swift */ = {isa = PBXFileReference; lastKnownFileType = sourcecode.swift; path = HabitWidgets.swift; sourceTree = "<group>"; };
		B5DBFF042F00867E005FE9AA /* SharedModelContainer.swift */ = {isa = PBXFileReference; lastKnownFileType = sourcecode.swift; path = SharedModelContainer.swift; sourceTree = "<group>"; };
		B5DBFF062F0086A4005FE9AA /* HabitIntents.swift */ = {isa = PBXFileReference; lastKnownFileType = sourcecode.swift; path = HabitIntents.swift; sourceTree = "<group>"; };
		B5DBFF082F0086C0005FE9AA /* InteractiveHabitWidgets.swift */ = {isa = PBXFileReference; lastKnownFileType = sourcecode.swift; path = InteractiveHabitWidgets.swift; sourceTree = "<group>"; };
		B5DBFF0C2F0086F6005FE9AA /* WidgetHelpers.swift */ = {isa = PBXFileReference; lastKnownFileType = sourcecode.swift; path = WidgetHelpers.swift; sourceTree = "<group>"; };
		B5DBFF0E2F008723005FE9AA /* LockScreenWidgets.swift */ = {isa = PBXFileReference; lastKnownFileType = sourcecode.swift; path = LockScreenWidgets.swift; sourceTree = "<group>"; };
		B5DBFF102F00874B005FE9AA /* StandByWidgets.swift */ = {isa = PBXFileReference; lastKnownFileType = sourcecode.swift; path = StandByWidgets.swift; sourceTree = "<group>"; };
		B5DBFF2A2F00943B005FE9AA /* WidgetKit.framework */ = {isa = PBXFileReference; lastKnownFileType = wrapper.framework; name = WidgetKit.framework; path = System/Library/Frameworks/WidgetKit.framework; sourceTree = SDKROOT; };
		B5DBFF2C2F00943C005FE9AA /* SwiftUI.framework */ = {isa = PBXFileReference; lastKnownFileType = wrapper.framework; name = SwiftUI.framework; path = System/Library/Frameworks/SwiftUI.framework; sourceTree = SDKROOT; };
		B5DBFF552F009957005FE9AA /* TrackHabit.entitlements */ = {isa = PBXFileReference; lastKnownFileType = text.plist.entitlements; path = TrackHabit.entitlements; sourceTree = "<group>"; };
		B5DBFF602F009C70005FE9AA /* HabitWidgetExtension.entitlements */ = {isa = PBXFileReference; lastKnownFileType = text.plist.entitlements; path = HabitWidgetExtension.entitlements; sourceTree = "<group>"; };
		COMP000 /* GlassCard.swift */ = {isa = PBXFileReference; lastKnownFileType = sourcecode.swift; path = GlassCard.swift; sourceTree = "<group>"; };
		MAIN000 /* TrackHabitApp.swift */ = {isa = PBXFileReference; lastKnownFileType = sourcecode.swift; path = TrackHabitApp.swift; sourceTree = "<group>"; };
		MODEL000 /* Habit.swift */ = {isa = PBXFileReference; lastKnownFileType = sourcecode.swift; path = Habit.swift; sourceTree = "<group>"; };
		MODEL003 /* CheckIn.swift */ = {isa = PBXFileReference; lastKnownFileType = sourcecode.swift; path = CheckIn.swift; sourceTree = "<group>"; };
		MODEL005 /* HabitTemplate.swift */ = {isa = PBXFileReference; lastKnownFileType = sourcecode.swift; path = HabitTemplate.swift; sourceTree = "<group>"; };
		PRODUCT000 /* group.trackhabit.app */ = {isa = PBXFileReference; explicitFileType = wrapper.application; includeInIndex = 0; path = group.trackhabit.app; sourceTree = BUILT_PRODUCTS_DIR; };
		SERV000 /* NotificationManager.swift */ = {isa = PBXFileReference; lastKnownFileType = sourcecode.swift; path = NotificationManager.swift; sourceTree = "<group>"; };
		SERV003 /* StoreManager.swift */ = {isa = PBXFileReference; lastKnownFileType = sourcecode.swift; path = StoreManager.swift; sourceTree = "<group>"; };
		THEME000 /* AppTheme.swift */ = {isa = PBXFileReference; lastKnownFileType = sourcecode.swift; path = AppTheme.swift; sourceTree = "<group>"; };
		VIEW000 /* OnboardingView.swift */ = {isa = PBXFileReference; lastKnownFileType = sourcecode.swift; path = OnboardingView.swift; sourceTree = "<group>"; };
		VIEW003 /* TodayView.swift */ = {isa = PBXFileReference; lastKnownFileType = sourcecode.swift; path = TodayView.swift; sourceTree = "<group>"; };
		VIEW005 /* AddHabitView.swift */ = {isa = PBXFileReference; lastKnownFileType = sourcecode.swift; path = AddHabitView.swift; sourceTree = "<group>"; };
		VIEW007 /* HabitDetailView.swift */ = {isa = PBXFileReference; lastKnownFileType = sourcecode.swift; path = HabitDetailView.swift; sourceTree = "<group>"; };
		VIEW009 /* InsightsView.swift */ = {isa = PBXFileReference; lastKnownFileType = sourcecode.swift; path = InsightsView.swift; sourceTree = "<group>"; };
		VIEW011 /* SettingsView.swift */ = {isa = PBXFileReference; lastKnownFileType = sourcecode.swift; path = SettingsView.swift; sourceTree = "<group>"; };
		VIEW013 /* PaywallView.swift */ = {isa = PBXFileReference; lastKnownFileType = sourcecode.swift; path = PaywallView.swift; sourceTree = "<group>"; };
		VIEW015 /* PaywallViewWithStore.swift */ = {isa = PBXFileReference; lastKnownFileType = sourcecode.swift; path = PaywallViewWithStore.swift; sourceTree = "<group>"; };
		VIEW017 /* MainTabView.swift */ = {isa = PBXFileReference; lastKnownFileType = sourcecode.swift; path = MainTabView.swift; sourceTree = "<group>"; };
/* End PBXFileReference section */

/* Begin PBXFileSystemSynchronizedBuildFileExceptionSet section */
		B508AC0F2F07F1280057D2CE /* PBXFileSystemSynchronizedBuildFileExceptionSet */ = {
			isa = PBXFileSystemSynchronizedBuildFileExceptionSet;
			membershipExceptions = (
				Assets.xcassets,
			);
			target = TARGET000 /* group.trackhabit */;
		};
/* End PBXFileSystemSynchronizedBuildFileExceptionSet section */

/* Begin PBXFileSystemSynchronizedRootGroup section */
		B5DBFF2E2F00943C005FE9AA /* HabitWidget */ = {isa = PBXFileSystemSynchronizedRootGroup; exceptions = (B508AC0F2F07F1280057D2CE /* PBXFileSystemSynchronizedBuildFileExceptionSet */, ); explicitFileTypes = {}; explicitFolders = (); path = HabitWidget; sourceTree = "<group>"; };
/* End PBXFileSystemSynchronizedRootGroup section */

/* Begin PBXFrameworksBuildPhase section */
		FRAMEWORK000 /* Frameworks */ = {
			isa = PBXFrameworksBuildPhase;
			buildActionMask = 2147483647;
			files = (
			);
			runOnlyForDeploymentPostprocessing = 0;
		};
/* End PBXFrameworksBuildPhase section */

/* Begin PBXGroup section */
		B5DBFF292F00943B005FE9AA /* Frameworks */ = {
			isa = PBXGroup;
			children = (
				B5DBFF2A2F00943B005FE9AA /* WidgetKit.framework */,
				B5DBFF2C2F00943C005FE9AA /* SwiftUI.framework */,
			);
			name = Frameworks;
			sourceTree = "<group>";
		};
		COMPS /* Components */ = {
			isa = PBXGroup;
			children = (
				COMP000 /* GlassCard.swift */,
			);
			path = Components;
			sourceTree = "<group>";
		};
		GROUP000 /* TrackHabit */ = {
			isa = PBXGroup;
			children = (
				B5DBFF552F009957005FE9AA /* TrackHabit.entitlements */,
				MAIN000 /* TrackHabitApp.swift */,
				MODELS /* Models */,
				VIEWS /* Views */,
				COMPS /* Components */,
				THEMES /* Theme */,
				SERVS /* Services */,
				ASSET000 /* Assets.xcassets */,
				B5DBFF0C2F0086F6005FE9AA /* WidgetHelpers.swift */,
			);
			path = TrackHabit;
			sourceTree = "<group>";
		};
		MODELS /* Models */ = {
			isa = PBXGroup;
			children = (
				MODEL000 /* Habit.swift */,
				MODEL003 /* CheckIn.swift */,
				MODEL005 /* HabitTemplate.swift */,
				ACHV000 /* Achievement.swift */,
				ACHV001 /* AchievementManager.swift */,
				ACHV002 /* AchievementsView.swift */,
				ACHV003 /* AchievementViews.swift */,
				ACHV004 /* AchievementComponents.swift */,
				ACHV005 /* AchievementLocalization.swift */,
			);
			path = Models;
			sourceTree = "<group>";
		};
		PRODUCTS000 /* Products */ = {
			isa = PBXGroup;
			children = (
				PRODUCT000 /* group.trackhabit.app */,
			);
			name = Products;
			sourceTree = "<group>";
		};
		ROOT000 = {
			isa = PBXGroup;
			children = (
				B5AE8A552F1532BF00FABF90 /* group.trackhabitRelease.entitlements */,
				B5DBFF602F009C70005FE9AA /* HabitWidgetExtension.entitlements */,
				GROUP000 /* TrackHabit */,
				B5DBFF2E2F00943C005FE9AA /* HabitWidget */,
				B5DBFF292F00943B005FE9AA /* Frameworks */,
				PRODUCTS000 /* Products */,
			);
			sourceTree = "<group>";
		};
		SERVS /* Services */ = {
			isa = PBXGroup;
			children = (
				SERV000 /* NotificationManager.swift */,
				SERV003 /* StoreManager.swift */,
			);
			path = Services;
			sourceTree = "<group>";
		};
		THEMES /* Theme */ = {
			isa = PBXGroup;
			children = (
				THEME000 /* AppTheme.swift */,
			);
			path = Theme;
			sourceTree = "<group>";
		};
		VIEWADD /* AddHabit */ = {
			isa = PBXGroup;
			children = (
				VIEW005 /* AddHabitView.swift */,
			);
			path = AddHabit;
			sourceTree = "<group>";
		};
		VIEWDET /* HabitDetail */ = {
			isa = PBXGroup;
			children = (
				VIEW007 /* HabitDetailView.swift */,
				B508ABE52F070DD80057D2CE /* LanguageManager.swift */,
				B5D37D1C2F09736100CB37A9 /* AppLogo.swift */,
				B5D37D202F0979DF00CB37A9 /* AppAnimatedBackground.swift */,
			);
			path = HabitDetail;
			sourceTree = "<group>";
		};
		VIEWINS /* Insights */ = {
			isa = PBXGroup;
			children = (
				VIEW009 /* InsightsView.swift */,
			);
			path = Insights;
			sourceTree = "<group>";
		};
		VIEWONB /* Onboarding */ = {
			isa = PBXGroup;
			children = (
				VIEW000 /* OnboardingView.swift */,
			);
			path = Onboarding;
			sourceTree = "<group>";
		};
		VIEWPAY /* Paywall */ = {
			isa = PBXGroup;
			children = (
				VIEW013 /* PaywallView.swift */,
				VIEW015 /* PaywallViewWithStore.swift */,
			);
			path = Paywall;
			sourceTree = "<group>";
		};
		VIEWS /* Views */ = {
			isa = PBXGroup;
			children = (
				VIEW017 /* MainTabView.swift */,
				VIEWONB /* Onboarding */,
				VIEWTOD /* Today */,
				VIEWADD /* AddHabit */,
				VIEWDET /* HabitDetail */,
				VIEWINS /* Insights */,
				VIEWSET /* Settings */,
				VIEWPAY /* Paywall */,
				B508ABE12F0709BB0057D2CE /* MotivationalMessages.swift */,
				B508ABE32F0709DD0057D2CE /* HabitAnimations.swift */,
			);
			path = Views;
			sourceTree = "<group>";
		};
		VIEWSET /* Settings */ = {
			isa = PBXGroup;
			children = (
				VIEW011 /* SettingsView.swift */,
			);
			path = Settings;
			sourceTree = "<group>";
		};
		VIEWTOD /* Today */ = {
			isa = PBXGroup;
			children = (
				VIEW003 /* TodayView.swift */,
				B5DBFEFE2F008643005FE9AA /* HabitWidgetBundle.swift */,
				B5DBFF002F008651005FE9AA /* HabitWidgetProvider.swift */,
				B5DBFF022F008676005FE9AA /* HabitWidgets.swift */,
				B5DBFF042F00867E005FE9AA /* SharedModelContainer.swift */,
				B5DBFF062F0086A4005FE9AA /* HabitIntents.swift */,
				B5DBFF082F0086C0005FE9AA /* InteractiveHabitWidgets.swift */,
				B5DBFF0E2F008723005FE9AA /* LockScreenWidgets.swift */,
				B5DBFF102F00874B005FE9AA /* StandByWidgets.swift */,
				B5755C052F00A92C0088DCB0 /* ProChartsView.swift */,
				B5755C072F00A9710088DCB0 /* AnimatedComponents.swift */,
				B5755C092F00A9A10088DCB0 /* NewFeatures.swift */,
			);
			path = Today;
			sourceTree = "<group>";
		};
/* End PBXGroup section */

/* Begin PBXNativeTarget section */
		TARGET000 /* group.trackhabit */ = {
			isa = PBXNativeTarget;
			buildConfigurationList = CONFIGLIST000 /* Build configuration list for PBXNativeTarget "group.trackhabit" */;
			buildPhases = (
				SOURCES000 /* Sources */,
				FRAMEWORK000 /* Frameworks */,
				RESOURCES000 /* Resources */,
				B5DBFF412F00943C005FE9AA /* Embed Foundation Extensions */,
			);
			buildRules = (
			);
			dependencies = (
			);
			name = group.trackhabit;
			productName = TrackHabit;
			productReference = PRODUCT000 /* group.trackhabit.app */;
			productType = "com.apple.product-type.application";
		};
/* End PBXNativeTarget section */

/* Begin PBXProject section */
		PROJECT000 /* Project object */ = {
			isa = PBXProject;
			attributes = {
				BuildIndependentTargetsInParallel = 1;
				LastSwiftUpdateCheck = 2620;
				LastUpgradeCheck = 2620;
				TargetAttributes = {
					TARGET000 = {
						CreatedOnToolsVersion = 15.0;
					};
				};
			};
			buildConfigurationList = CONFIGLIST001 /* Build configuration list for PBXProject "group.trackhabit" */;
			compatibilityVersion = "Xcode 14.0";
			developmentRegion = en;
			hasScannedForEncodings = 0;
			knownRegions = (
				en,
				Base,
			);
			mainGroup = ROOT000;
			productRefGroup = PRODUCTS000 /* Products */;
			projectDirPath = "";
			projectRoot = "";
			targets = (
				TARGET000 /* group.trackhabit */,
			);
		};
/* End PBXProject section */

/* Begin PBXResourcesBuildPhase section */
		RESOURCES000 /* Resources */ = {
			isa = PBXResourcesBuildPhase;
			buildActionMask = 2147483647;
			files = (
				ASSET001 /* Assets.xcassets in Resources */,
			);
			runOnlyForDeploymentPostprocessing = 0;
		};
/* End PBXResourcesBuildPhase section */

/* Begin PBXSourcesBuildPhase section */
		SOURCES000 /* Sources */ = {
			isa = PBXSourcesBuildPhase;
			buildActionMask = 2147483647;
			files = (
				MAIN001 /* TrackHabitApp.swift in Sources */,
				B508ABE62F070DD80057D2CE /* LanguageManager.swift in Sources */,
				B5755C082F00A9710088DCB0 /* AnimatedComponents.swift in Sources */,
				MODEL001 /* Habit.swift in Sources */,
				B5DBFF542F009852005FE9AA /* WidgetHelpers.swift in Sources */,
				B508ABE22F0709BB0057D2CE /* MotivationalMessages.swift in Sources */,
				MODEL002 /* CheckIn.swift in Sources */,
				B5755C0A2F00A9A10088DCB0 /* NewFeatures.swift in Sources */,
				MODEL004 /* HabitTemplate.swift in Sources */,
				THEME001 /* AppTheme.swift in Sources */,
				COMP001 /* GlassCard.swift in Sources */,
				B5755C062F00A92C0088DCB0 /* ProChartsView.swift in Sources */,
				VIEW001 /* OnboardingView.swift in Sources */,
				VIEW002 /* TodayView.swift in Sources */,
				VIEW004 /* AddHabitView.swift in Sources */,
				VIEW006 /* HabitDetailView.swift in Sources */,
				B5D37D1D2F09736100CB37A9 /* AppLogo.swift in Sources */,
				VIEW008 /* InsightsView.swift in Sources */,
				VIEW010 /* SettingsView.swift in Sources */,
				B5DBFF052F00867E005FE9AA /* SharedModelContainer.swift in Sources */,
				VIEW012 /* PaywallView.swift in Sources */,
				B5D37D212F0979DF00CB37A9 /* AppAnimatedBackground.swift in Sources */,
				VIEW014 /* PaywallViewWithStore.swift in Sources */,
				VIEW016 /* MainTabView.swift in Sources */,
				SERV001 /* NotificationManager.swift in Sources */,
				SERV002 /* StoreManager.swift in Sources */,
				B508ABE42F0709DD0057D2CE /* HabitAnimations.swift in Sources */,
				ACHV100 /* Achievement.swift in Sources */,
				ACHV101 /* AchievementManager.swift in Sources */,
				ACHV102 /* AchievementsView.swift in Sources */,
				ACHV103 /* AchievementViews.swift in Sources */,
				ACHV104 /* AchievementComponents.swift in Sources */,
				ACHV105 /* AchievementLocalization.swift in Sources */,
			);
			runOnlyForDeploymentPostprocessing = 0;
		};
/* End PBXSourcesBuildPhase section */

/* Begin XCBuildConfiguration section */
		BUILDCONFIG000 /* Debug */ = {
			isa = XCBuildConfiguration;
			buildSettings = {
				ALWAYS_SEARCH_USER_PATHS = NO;
				ASSETCATALOG_COMPILER_GENERATE_SWIFT_ASSET_SYMBOL_EXTENSIONS = YES;
				CLANG_ANALYZER_NONNULL = YES;
				CLANG_ANALYZER_NUMBER_OBJECT_CONVERSION = YES_AGGRESSIVE;
				CLANG_CXX_LANGUAGE_STANDARD = "gnu++20";
				CLANG_ENABLE_MODULES = YES;
				CLANG_ENABLE_OBJC_ARC = YES;
				CLANG_ENABLE_OBJC_WEAK = YES;
				CLANG_WARN_BLOCK_CAPTURE_AUTORELEASING = YES;
				CLANG_WARN_BOOL_CONVERSION = YES;
				CLANG_WARN_COMMA = YES;
				CLANG_WARN_CONSTANT_CONVERSION = YES;
				CLANG_WARN_DEPRECATED_OBJC_IMPLEMENTATIONS = YES;
				CLANG_WARN_DIRECT_OBJC_ISA_USAGE = YES_ERROR;
				CLANG_WARN_DOCUMENTATION_COMMENTS = YES;
				CLANG_WARN_EMPTY_BODY = YES;
				CLANG_WARN_ENUM_CONVERSION = YES;
				CLANG_WARN_INFINITE_RECURSION = YES;
				CLANG_WARN_INT_CONVERSION = YES;
				CLANG_WARN_NON_LITERAL_NULL_CONVERSION = YES;
				CLANG_WARN_OBJC_IMPLICIT_RETAIN_SELF = YES;
				CLANG_WARN_OBJC_LITERAL_CONVERSION = YES;
				CLANG_WARN_OBJC_ROOT_CLASS = YES_ERROR;
				CLANG_WARN_QUOTED_INCLUDE_IN_FRAMEWORK_HEADER = YES;
				CLANG_WARN_RANGE_LOOP_ANALYSIS = YES;
				CLANG_WARN_STRICT_PROTOTYPES = YES;
				CLANG_WARN_SUSPICIOUS_MOVE = YES;
				CLANG_WARN_UNGUARDED_AVAILABILITY = YES_AGGRESSIVE;
				CLANG_WARN_UNREACHABLE_CODE = YES;
				CLANG_WARN__DUPLICATE_METHOD_MATCH = YES;
				COPY_PHASE_STRIP = NO;
				DEBUG_INFORMATION_FORMAT = dwarf;
				DEVELOPMENT_TEAM = LFW4244NSY;
				ENABLE_STRICT_OBJC_MSGSEND = YES;
				ENABLE_TESTABILITY = YES;
				ENABLE_USER_SCRIPT_SANDBOXING = YES;
				GCC_C_LANGUAGE_STANDARD = gnu17;
				GCC_DYNAMIC_NO_PIC = NO;
				GCC_NO_COMMON_BLOCKS = YES;
				GCC_OPTIMIZATION_LEVEL = 0;
				GCC_PREPROCESSOR_DEFINITIONS = (
					"DEBUG=1",
					"$(inherited)",
				);
				GCC_WARN_64_TO_32_BIT_CONVERSION = YES;
				GCC_WARN_ABOUT_RETURN_TYPE = YES_ERROR;
				GCC_WARN_UNDECLARED_SELECTOR = YES;
				GCC_WARN_UNINITIALIZED_AUTOS = YES_AGGRESSIVE;
				GCC_WARN_UNUSED_FUNCTION = YES;
				GCC_WARN_UNUSED_VARIABLE = YES;
				IPHONEOS_DEPLOYMENT_TARGET = 17.0;
				LOCALIZATION_PREFERS_STRING_CATALOGS = YES;
				MTL_ENABLE_DEBUG_INFO = INCLUDE_SOURCE;
				MTL_FAST_MATH = YES;
				ONLY_ACTIVE_ARCH = YES;
				SDKROOT = iphoneos;
				STRING_CATALOG_GENERATE_SYMBOLS = YES;
				SWIFT_ACTIVE_COMPILATION_CONDITIONS = "DEBUG $(inherited)";
				SWIFT_OPTIMIZATION_LEVEL = "-Onone";
			};
			name = Debug;
		};
		BUILDCONFIG001 /* Release */ = {
			isa = XCBuildConfiguration;
			buildSettings = {
				ALWAYS_SEARCH_USER_PATHS = NO;
				ASSETCATALOG_COMPILER_GENERATE_SWIFT_ASSET_SYMBOL_EXTENSIONS = YES;
				CLANG_ANALYZER_NONNULL = YES;
				CLANG_ANALYZER_NUMBER_OBJECT_CONVERSION = YES_AGGRESSIVE;
				CLANG_CXX_LANGUAGE_STANDARD = "gnu++20";
				CLANG_ENABLE_MODULES = YES;
				CLANG_ENABLE_OBJC_ARC = YES;
				CLANG_ENABLE_OBJC_WEAK = YES;
				CLANG_WARN_BLOCK_CAPTURE_AUTORELEASING = YES;
				CLANG_WARN_BOOL_CONVERSION = YES;
				CLANG_WARN_COMMA = YES;
				CLANG_WARN_CONSTANT_CONVERSION = YES;
				CLANG_WARN_DEPRECATED_OBJC_IMPLEMENTATIONS = YES;
				CLANG_WARN_DIRECT_OBJC_ISA_USAGE = YES_ERROR;
				CLANG_WARN_DOCUMENTATION_COMMENTS = YES;
				CLANG_WARN_EMPTY_BODY = YES;
				CLANG_WARN_ENUM_CONVERSION = YES;
				CLANG_WARN_INFINITE_RECURSION = YES;
				CLANG_WARN_INT_CONVERSION = YES;
				CLANG_WARN_NON_LITERAL_NULL_CONVERSION = YES;
				CLANG_WARN_OBJC_IMPLICIT_RETAIN_SELF = YES;
				CLANG_WARN_OBJC_LITERAL_CONVERSION = YES;
				CLANG_WARN_OBJC_ROOT_CLASS = YES_ERROR;
				CLANG_WARN_QUOTED_INCLUDE_IN_FRAMEWORK_HEADER = YES;
				CLANG_WARN_RANGE_LOOP_ANALYSIS = YES;
				CLANG_WARN_STRICT_PROTOTYPES = YES;
				CLANG_WARN_SUSPICIOUS_MOVE = YES;
				CLANG_WARN_UNGUARDED_AVAILABILITY = YES_AGGRESSIVE;
				CLANG_WARN_UNREACHABLE_CODE = YES;
				CLANG_WARN__DUPLICATE_METHOD_MATCH = YES;
				COPY_PHASE_STRIP = NO;
				DEBUG_INFORMATION_FORMAT = "dwarf-with-dsym";
				DEVELOPMENT_TEAM = LFW4244NSY;
				ENABLE_NS_ASSERTIONS = NO;
				ENABLE_STRICT_OBJC_MSGSEND = YES;
				ENABLE_USER_SCRIPT_SANDBOXING = YES;
				GCC_C_LANGUAGE_STANDARD = gnu17;
				GCC_NO_COMMON_BLOCKS = YES;
				GCC_WARN_64_TO_32_BIT_CONVERSION = YES;
				GCC_WARN_ABOUT_RETURN_TYPE = YES_ERROR;
				GCC_WARN_UNDECLARED_SELECTOR = YES;
				GCC_WARN_UNINITIALIZED_AUTOS = YES_AGGRESSIVE;
				GCC_WARN_UNUSED_FUNCTION = YES;
				GCC_WARN_UNUSED_VARIABLE = YES;
				IPHONEOS_DEPLOYMENT_TARGET = 17.0;
				LOCALIZATION_PREFERS_STRING_CATALOGS = YES;
				MTL_ENABLE_DEBUG_INFO = NO;
				MTL_FAST_MATH = YES;
				SDKROOT = iphoneos;
				STRING_CATALOG_GENERATE_SYMBOLS = YES;
				SWIFT_COMPILATION_MODE = wholemodule;
				VALIDATE_PRODUCT = YES;
			};
			name = Release;
		};
		BUILDCONFIG002 /* Debug */ = {
			isa = XCBuildConfiguration;
			buildSettings = {
				ASSETCATALOG_COMPILER_APPICON_NAME = AppIcon;
				ASSETCATALOG_COMPILER_GLOBAL_ACCENT_COLOR_NAME = AccentColor;
				CODE_SIGN_ENTITLEMENTS = TrackHabit/TrackHabit.entitlements;
				CODE_SIGN_STYLE = Automatic;
				CURRENT_PROJECT_VERSION = 3;
				ENABLE_PREVIEWS = YES;
				GENERATE_INFOPLIST_FILE = YES;
				INFOPLIST_KEY_CFBundleDisplayName = "Habbit Tracker";
				INFOPLIST_KEY_LSApplicationCategoryType = "public.app-category.lifestyle";
				INFOPLIST_KEY_UIApplicationSceneManifest_Generation = YES;
				INFOPLIST_KEY_UIApplicationSupportsIndirectInputEvents = YES;
				INFOPLIST_KEY_UILaunchScreen_Generation = YES;
				INFOPLIST_KEY_UISupportedInterfaceOrientations = "UIInterfaceOrientationLandscapeLeft UIInterfaceOrientationLandscapeRight UIInterfaceOrientationPortrait";
				INFOPLIST_KEY_UISupportedInterfaceOrientations_iPad = "UIInterfaceOrientationLandscapeLeft UIInterfaceOrientationLandscapeRight UIInterfaceOrientationPortrait UIInterfaceOrientationPortraitUpsideDown";
				LD_RUNPATH_SEARCH_PATHS = (
					"$(inherited)",
					"@executable_path/Frameworks",
				);
				MARKETING_VERSION = 1.0;
				PRODUCT_BUNDLE_IDENTIFIER = ua.andrii.trackhabit;
				PRODUCT_NAME = "$(TARGET_NAME)";
				SWIFT_EMIT_LOC_STRINGS = YES;
				SWIFT_VERSION = 5.0;
				TARGETED_DEVICE_FAMILY = "1,2";
			};
			name = Debug;
		};
		BUILDCONFIG003 /* Release */ = {
			isa = XCBuildConfiguration;
			buildSettings = {
				ASSETCATALOG_COMPILER_APPICON_NAME = AppIcon;
				ASSETCATALOG_COMPILER_GLOBAL_ACCENT_COLOR_NAME = AccentColor;
				CODE_SIGN_ENTITLEMENTS = group.trackhabitRelease.entitlements;
				CODE_SIGN_STYLE = Automatic;
				CURRENT_PROJECT_VERSION = 3;
				ENABLE_PREVIEWS = YES;
				GENERATE_INFOPLIST_FILE = YES;
				INFOPLIST_KEY_CFBundleDisplayName = "Habbit Tracker";
				INFOPLIST_KEY_LSApplicationCategoryType = "public.app-category.lifestyle";
				INFOPLIST_KEY_UIApplicationSceneManifest_Generation = YES;
				INFOPLIST_KEY_UIApplicationSupportsIndirectInputEvents = YES;
				INFOPLIST_KEY_UILaunchScreen_Generation = YES;
				INFOPLIST_KEY_UISupportedInterfaceOrientations = "UIInterfaceOrientationLandscapeLeft UIInterfaceOrientationLandscapeRight UIInterfaceOrientationPortrait";
				INFOPLIST_KEY_UISupportedInterfaceOrientations_iPad = "UIInterfaceOrientationLandscapeLeft UIInterfaceOrientationLandscapeRight UIInterfaceOrientationPortrait UIInterfaceOrientationPortraitUpsideDown";
				LD_RUNPATH_SEARCH_PATHS = (
					"$(inherited)",
					"@executable_path/Frameworks",
				);
				MARKETING_VERSION = 1.0;
				PRODUCT_BUNDLE_IDENTIFIER = ua.andrii.trackhabit;
				PRODUCT_NAME = "$(TARGET_NAME)";
				SWIFT_EMIT_LOC_STRINGS = YES;
				SWIFT_VERSION = 5.0;
				TARGETED_DEVICE_FAMILY = "1,2";
			};
			name = Release;
		};
/* End XCBuildConfiguration section */

/* Begin XCConfigurationList section */
		CONFIGLIST000 /* Build configuration list for PBXNativeTarget "group.trackhabit" */ = {
			isa = XCConfigurationList;
			buildConfigurations = (
				BUILDCONFIG002 /* Debug */,
				BUILDCONFIG003 /* Release */,
			);
			defaultConfigurationIsVisible = 0;
			defaultConfigurationName = Release;
		};
		CONFIGLIST001 /* Build configuration list for PBXProject "group.trackhabit" */ = {
			isa = XCConfigurationList;
			buildConfigurations = (
				BUILDCONFIG000 /* Debug */,
				BUILDCONFIG001 /* Release */,
			);
			defaultConfigurationIsVisible = 0;
			defaultConfigurationName = Release;
		};
/* End XCConfigurationList section */
	};
	rootObject = PROJECT000 /* Project object */;
}
